
Microsoft Visual Studio Solution File, Format Version 12.00
# Visual Studio Version 17
VisualStudioVersion = 17.10.35122.118
MinimumVisualStudioVersion = 10.0.40219.1
Project("{FAE04EC0-301F-11D3-BF4B-00C04F79EFBC}") = "TorneoITM", "TorneoITM\TorneoITM.csproj", "{DFC9A717-3ED2-475C-887F-18EAA5DEE3FD}"
EndProject
Global
	GlobalSection(SolutionConfigurationPlatforms) = preSolution
		Debug|Any CPU = Debug|Any CPU
		Release|Any CPU = Release|Any CPU
	EndGlobalSection
	GlobalSection(ProjectConfigurationPlatforms) = postSolution
		{DFC9A717-3ED2-475C-887F-18EAA5DEE3FD}.Debug|Any CPU.ActiveCfg = Debug|Any CPU
		{DFC9A717-3ED2-475C-887F-18EAA5DEE3FD}.Debug|Any CPU.Build.0 = Debug|Any CPU
		{DFC9A717-3ED2-475C-887F-18EAA5DEE3FD}.Release|Any CPU.ActiveCfg = Release|Any CPU
		{DFC9A717-3ED2-475C-887F-18EAA5DEE3FD}.Release|Any CPU.Build.0 = Release|Any CPU
	EndGlobalSection
	GlobalSection(SolutionProperties) = preSolution
		HideSolutionNode = FALSE
	EndGlobalSection
	GlobalSection(ExtensibilityGlobals) = postSolution
		SolutionGuid = {36E54CF5-81C0-43CA-A64A-A3F80AAC14A5}
	EndGlobalSection
EndGlobal
